
Microsoft Visual Studio Solution File, Format Version 12.00
# Visual Studio Version 16
VisualStudioVersion = 16.0.29319.158
MinimumVisualStudioVersion = 10.0.40219.1
Project("{9A19103F-16F7-4668-BE54-9A1E7A4F7556}") = "Vikekh.FilmtipsetExport.App", "src\Vikekh.FilmtipsetExport.App\Vikekh.FilmtipsetExport.App.csproj", "{7967C737-653B-48BF-B1FD-71F15D00CDE0}"
EndProject
Project("{2150E333-8FDC-42A3-9474-1A3956D46DE8}") = "Solution Items", "Solution Items", "{E4BE4525-203A-49C7-B7F2-C1CF54343D46}"
	ProjectSection(SolutionItems) = preProject
		.editorconfig = .editorconfig
		.gitignore = .gitignore
		LICENSE = LICENSE
		README.md = README.md
	EndProjectSection
EndProject
Project("{2150E333-8FDC-42A3-9474-1A3956D46DE8}") = "src", "src", "{D1333720-DE15-4874-B7E1-658ABE418E9E}"
EndProject
Global
	GlobalSection(SolutionConfigurationPlatforms) = preSolution
		Debug|Any CPU = Debug|Any CPU
		Release|Any CPU = Release|Any CPU
	EndGlobalSection
	GlobalSection(ProjectConfigurationPlatforms) = postSolution
		{7967C737-653B-48BF-B1FD-71F15D00CDE0}.Debug|Any CPU.ActiveCfg = Debug|Any CPU
		{7967C737-653B-48BF-B1FD-71F15D00CDE0}.Debug|Any CPU.Build.0 = Debug|Any CPU
		{7967C737-653B-48BF-B1FD-71F15D00CDE0}.Release|Any CPU.ActiveCfg = Release|Any CPU
		{7967C737-653B-48BF-B1FD-71F15D00CDE0}.Release|Any CPU.Build.0 = Release|Any CPU
	EndGlobalSection
	GlobalSection(SolutionProperties) = preSolution
		HideSolutionNode = FALSE
	EndGlobalSection
	GlobalSection(NestedProjects) = preSolution
		{7967C737-653B-48BF-B1FD-71F15D00CDE0} = {D1333720-DE15-4874-B7E1-658ABE418E9E}
	EndGlobalSection
	GlobalSection(ExtensibilityGlobals) = postSolution
		SolutionGuid = {6AE083DD-A5D5-4E65-B376-2C5599B29CFE}
	EndGlobalSection
EndGlobal
